
Microsoft Visual Studio Solution File, Format Version 12.00
Project("{FAE04EC0-301F-11D3-BF4B-00C04F79EFBC}") = "obligatorisk oppgave 1", "obligatorisk oppgave 1 \obligatorisk oppgave 1.csproj", "{C58CCD33-7FAC-4051-8119-7F609A547FA4}"
EndProject
Project("{FAE04EC0-301F-11D3-BF4B-00C04F79EFBC}") = "Test Project oblig oppgave 2", "Test Project oblig oppgave 2 \Test Project oblig oppgave 2.csproj", "{DC6300BB-E64A-4BA1-89F1-6D3B54B1724A}"
EndProject
Global
	GlobalSection(SolutionConfigurationPlatforms) = preSolution
		Debug|Any CPU = Debug|Any CPU
		Release|Any CPU = Release|Any CPU
	EndGlobalSection
	GlobalSection(ProjectConfigurationPlatforms) = postSolution
		{C58CCD33-7FAC-4051-8119-7F609A547FA4}.Debug|Any CPU.ActiveCfg = Debug|Any CPU
		{C58CCD33-7FAC-4051-8119-7F609A547FA4}.Debug|Any CPU.Build.0 = Debug|Any CPU
		{C58CCD33-7FAC-4051-8119-7F609A547FA4}.Release|Any CPU.ActiveCfg = Release|Any CPU
		{C58CCD33-7FAC-4051-8119-7F609A547FA4}.Release|Any CPU.Build.0 = Release|Any CPU
		{DC6300BB-E64A-4BA1-89F1-6D3B54B1724A}.Debug|Any CPU.ActiveCfg = Debug|Any CPU
		{DC6300BB-E64A-4BA1-89F1-6D3B54B1724A}.Debug|Any CPU.Build.0 = Debug|Any CPU
		{DC6300BB-E64A-4BA1-89F1-6D3B54B1724A}.Release|Any CPU.ActiveCfg = Release|Any CPU
		{DC6300BB-E64A-4BA1-89F1-6D3B54B1724A}.Release|Any CPU.Build.0 = Release|Any CPU
	EndGlobalSection
EndGlobal
